
Microsoft Visual Studio Solution File, Format Version 12.00
# Visual Studio Version 17
VisualStudioVersion = 17.5.33516.290
MinimumVisualStudioVersion = 10.0.40219.1
Project("{FAE04EC0-301F-11D3-BF4B-00C04F79EFBC}") = "BookApp.App", "13.04.23\BookApp.App.csproj", "{D2130BD0-C496-4B7F-80A5-B7AD7F2FE856}"
EndProject
Project("{FAE04EC0-301F-11D3-BF4B-00C04F79EFBC}") = "BookApp.core", "Book.core\BookApp.core.csproj", "{F52F4BEC-859A-40AC-AA18-E54A7D40DB21}"
EndProject
Global
	GlobalSection(SolutionConfigurationPlatforms) = preSolution
		Debug|Any CPU = Debug|Any CPU
		Release|Any CPU = Release|Any CPU
	EndGlobalSection
	GlobalSection(ProjectConfigurationPlatforms) = postSolution
		{D2130BD0-C496-4B7F-80A5-B7AD7F2FE856}.Debug|Any CPU.ActiveCfg = Debug|Any CPU
		{D2130BD0-C496-4B7F-80A5-B7AD7F2FE856}.Debug|Any CPU.Build.0 = Debug|Any CPU
		{D2130BD0-C496-4B7F-80A5-B7AD7F2FE856}.Release|Any CPU.ActiveCfg = Release|Any CPU
		{D2130BD0-C496-4B7F-80A5-B7AD7F2FE856}.Release|Any CPU.Build.0 = Release|Any CPU
		{F52F4BEC-859A-40AC-AA18-E54A7D40DB21}.Debug|Any CPU.ActiveCfg = Debug|Any CPU
		{F52F4BEC-859A-40AC-AA18-E54A7D40DB21}.Debug|Any CPU.Build.0 = Debug|Any CPU
		{F52F4BEC-859A-40AC-AA18-E54A7D40DB21}.Release|Any CPU.ActiveCfg = Release|Any CPU
		{F52F4BEC-859A-40AC-AA18-E54A7D40DB21}.Release|Any CPU.Build.0 = Release|Any CPU
	EndGlobalSection
	GlobalSection(SolutionProperties) = preSolution
		HideSolutionNode = FALSE
	EndGlobalSection
	GlobalSection(ExtensibilityGlobals) = postSolution
		SolutionGuid = {E1969A58-6A5B-4BD0-98D6-4E86741BDEE3}
	EndGlobalSection
EndGlobal
